
Microsoft Visual Studio Solution File, Format Version 12.00
# Visual Studio Version 17
VisualStudioVersion = 17.5.33530.505
MinimumVisualStudioVersion = 10.0.40219.1
Project("{FAE04EC0-301F-11D3-BF4B-00C04F79EFBC}") = "business.portal.com", "Portal_Case\business.portal.com.csproj", "{FC1ABA57-7176-41A7-8F61-FFEDE7623D5E}"
EndProject
Project("{FAE04EC0-301F-11D3-BF4B-00C04F79EFBC}") = "common.portal.com", "common.portal.com\common.portal.com.csproj", "{3490DE3A-6EA1-4EC6-8D59-E2408CF34F9B}"
EndProject
Project("{FAE04EC0-301F-11D3-BF4B-00C04F79EFBC}") = "dataaccess.portal.com", "dataaccess.portal.com\dataaccess.portal.com.csproj", "{3FCA3E9C-0ACD-4237-BFBF-916142092B52}"
EndProject
Project("{FAE04EC0-301F-11D3-BF4B-00C04F79EFBC}") = "PortalMVC", "PortalMVC\PortalMVC.csproj", "{587EB7E7-2C42-4206-9825-0E0A4AF3D2CF}"
EndProject
Global
	GlobalSection(SolutionConfigurationPlatforms) = preSolution
		Debug|Any CPU = Debug|Any CPU
		Release|Any CPU = Release|Any CPU
	EndGlobalSection
	GlobalSection(ProjectConfigurationPlatforms) = postSolution
		{FC1ABA57-7176-41A7-8F61-FFEDE7623D5E}.Debug|Any CPU.ActiveCfg = Debug|Any CPU
		{FC1ABA57-7176-41A7-8F61-FFEDE7623D5E}.Debug|Any CPU.Build.0 = Debug|Any CPU
		{FC1ABA57-7176-41A7-8F61-FFEDE7623D5E}.Release|Any CPU.ActiveCfg = Release|Any CPU
		{FC1ABA57-7176-41A7-8F61-FFEDE7623D5E}.Release|Any CPU.Build.0 = Release|Any CPU
		{3490DE3A-6EA1-4EC6-8D59-E2408CF34F9B}.Debug|Any CPU.ActiveCfg = Debug|Any CPU
		{3490DE3A-6EA1-4EC6-8D59-E2408CF34F9B}.Debug|Any CPU.Build.0 = Debug|Any CPU
		{3490DE3A-6EA1-4EC6-8D59-E2408CF34F9B}.Release|Any CPU.ActiveCfg = Release|Any CPU
		{3490DE3A-6EA1-4EC6-8D59-E2408CF34F9B}.Release|Any CPU.Build.0 = Release|Any CPU
		{3FCA3E9C-0ACD-4237-BFBF-916142092B52}.Debug|Any CPU.ActiveCfg = Debug|Any CPU
		{3FCA3E9C-0ACD-4237-BFBF-916142092B52}.Debug|Any CPU.Build.0 = Debug|Any CPU
		{3FCA3E9C-0ACD-4237-BFBF-916142092B52}.Release|Any CPU.ActiveCfg = Release|Any CPU
		{3FCA3E9C-0ACD-4237-BFBF-916142092B52}.Release|Any CPU.Build.0 = Release|Any CPU
		{587EB7E7-2C42-4206-9825-0E0A4AF3D2CF}.Debug|Any CPU.ActiveCfg = Debug|Any CPU
		{587EB7E7-2C42-4206-9825-0E0A4AF3D2CF}.Debug|Any CPU.Build.0 = Debug|Any CPU
		{587EB7E7-2C42-4206-9825-0E0A4AF3D2CF}.Release|Any CPU.ActiveCfg = Release|Any CPU
		{587EB7E7-2C42-4206-9825-0E0A4AF3D2CF}.Release|Any CPU.Build.0 = Release|Any CPU
	EndGlobalSection
	GlobalSection(SolutionProperties) = preSolution
		HideSolutionNode = FALSE
	EndGlobalSection
	GlobalSection(ExtensibilityGlobals) = postSolution
		SolutionGuid = {8BDFB47A-6D2B-4219-A1B1-33BB6D683DF6}
	EndGlobalSection
EndGlobal
